// !$*UTF8*$!
{
	archiveVersion = 1;
	classes = {
	};
	objectVersion = 50;
	objects = {

/* Begin PBXBuildFile section */
		D1405EB3238411FE00CE3FB1 /* CoreDataManager.swift in Sources */ = {isa = PBXBuildFile; fileRef = D1405EB2238411FE00CE3FB1 /* CoreDataManager.swift */; };
		D15418AF237C167200D87484 /* ArticlesViewController.swift in Sources */ = {isa = PBXBuildFile; fileRef = D15418AE237C167200D87484 /* ArticlesViewController.swift */; };
		D15418B1237C183900D87484 /* ArticlesDataController.swift in Sources */ = {isa = PBXBuildFile; fileRef = D15418B0237C183900D87484 /* ArticlesDataController.swift */; };
		D168271F238686870038D9E3 /* StringsManager.swift in Sources */ = {isa = PBXBuildFile; fileRef = D168271E238686870038D9E3 /* StringsManager.swift */; };
		D16827222386DDD60038D9E3 /* UIImageView+Downloading.swift in Sources */ = {isa = PBXBuildFile; fileRef = D16827212386DDD60038D9E3 /* UIImageView+Downloading.swift */; };
		D1784403237AC9650050C56E /* AppDelegate.swift in Sources */ = {isa = PBXBuildFile; fileRef = D1784402237AC9650050C56E /* AppDelegate.swift */; };
		D1784407237AC9650050C56E /* LoginViewController.swift in Sources */ = {isa = PBXBuildFile; fileRef = D1784406237AC9650050C56E /* LoginViewController.swift */; };
		D178440A237AC9650050C56E /* Main.storyboard in Resources */ = {isa = PBXBuildFile; fileRef = D1784408237AC9650050C56E /* Main.storyboard */; };
		D178440D237AC9650050C56E /* NewsReader.xcdatamodeld in Sources */ = {isa = PBXBuildFile; fileRef = D178440B237AC9650050C56E /* NewsReader.xcdatamodeld */; };
		D178440F237AC9670050C56E /* Assets.xcassets in Resources */ = {isa = PBXBuildFile; fileRef = D178440E237AC9670050C56E /* Assets.xcassets */; };
		D1784412237AC9670050C56E /* LaunchScreen.storyboard in Resources */ = {isa = PBXBuildFile; fileRef = D1784410237AC9670050C56E /* LaunchScreen.storyboard */; };
		D1784422237ACFDD0050C56E /* UsersDataController.swift in Sources */ = {isa = PBXBuildFile; fileRef = D1784421237ACFDD0050C56E /* UsersDataController.swift */; };
		D1784425237ADFC80050C56E /* LoginViewModel.swift in Sources */ = {isa = PBXBuildFile; fileRef = D1784424237ADFC80050C56E /* LoginViewModel.swift */; };
		D1784428237AE0800050C56E /* Localizable.strings in Resources */ = {isa = PBXBuildFile; fileRef = D178442A237AE0800050C56E /* Localizable.strings */; };
		D1784430237AEFFE0050C56E /* ChannelsViewModel.swift in Sources */ = {isa = PBXBuildFile; fileRef = D178442F237AEFFE0050C56E /* ChannelsViewModel.swift */; };
		D1784432237AF05F0050C56E /* ChannelsViewController.swift in Sources */ = {isa = PBXBuildFile; fileRef = D1784431237AF05F0050C56E /* ChannelsViewController.swift */; };
		D1784434237B01A10050C56E /* ChannelsDataController.swift in Sources */ = {isa = PBXBuildFile; fileRef = D1784433237B01A10050C56E /* ChannelsDataController.swift */; };
		D179BB3C237FE3EB00E36952 /* ErrorManager.swift in Sources */ = {isa = PBXBuildFile; fileRef = D179BB3B237FE3EB00E36952 /* ErrorManager.swift */; };
		D1A26BCE237C27E40071461D /* ArticlesCoordinator.swift in Sources */ = {isa = PBXBuildFile; fileRef = D1A26BCD237C27E40071461D /* ArticlesCoordinator.swift */; };
		D1A26BD0237C28410071461D /* LentaruArticlesCoordinator.swift in Sources */ = {isa = PBXBuildFile; fileRef = D1A26BCF237C28410071461D /* LentaruArticlesCoordinator.swift */; };
		D1A26BD2237C2A820071461D /* TutbyArticlesCoordinator.swift in Sources */ = {isa = PBXBuildFile; fileRef = D1A26BD1237C2A820071461D /* TutbyArticlesCoordinator.swift */; };
		D1A26BD5237C303A0071461D /* RSSParser.swift in Sources */ = {isa = PBXBuildFile; fileRef = D1A26BD4237C303A0071461D /* RSSParser.swift */; };
		D1ABA54A237D74E300D5108D /* RSSParserKeys.swift in Sources */ = {isa = PBXBuildFile; fileRef = D1ABA549237D74E300D5108D /* RSSParserKeys.swift */; };
		D1ABA54C237D836D00D5108D /* ArticlesViewModel.swift in Sources */ = {isa = PBXBuildFile; fileRef = D1ABA54B237D836D00D5108D /* ArticlesViewModel.swift */; };
		D1ABA54E237D8F3100D5108D /* ArticleViewController.swift in Sources */ = {isa = PBXBuildFile; fileRef = D1ABA54D237D8F3100D5108D /* ArticleViewController.swift */; };
		D1ABA550237D9B4D00D5108D /* ArticleWebViewController.swift in Sources */ = {isa = PBXBuildFile; fileRef = D1ABA54F237D9B4D00D5108D /* ArticleWebViewController.swift */; };
		D1C84AC2237BE457007186A8 /* RootViewController.swift in Sources */ = {isa = PBXBuildFile; fileRef = D1C84AC1237BE457007186A8 /* RootViewController.swift */; };
		D1E020192382CC8A009365D9 /* ArticleReusableViewModel.swift in Sources */ = {isa = PBXBuildFile; fileRef = D1E020182382CC8A009365D9 /* ArticleReusableViewModel.swift */; };
		D1E0201B2382D1E1009365D9 /* ChannelReusableViewModel.swift in Sources */ = {isa = PBXBuildFile; fileRef = D1E0201A2382D1E1009365D9 /* ChannelReusableViewModel.swift */; };
		D1E0201D2382D3D9009365D9 /* ChannelReusableView.xib in Resources */ = {isa = PBXBuildFile; fileRef = D1E0201C2382D3D9009365D9 /* ChannelReusableView.xib */; };
		D1E0201F2382D468009365D9 /* ArticleReusableView.xib in Resources */ = {isa = PBXBuildFile; fileRef = D1E0201E2382D468009365D9 /* ArticleReusableView.xib */; };
		D1E020212382D53E009365D9 /* ArticleReusableView.swift in Sources */ = {isa = PBXBuildFile; fileRef = D1E020202382D53E009365D9 /* ArticleReusableView.swift */; };
		D1E020232382DA1B009365D9 /* ChannelReusableView.swift in Sources */ = {isa = PBXBuildFile; fileRef = D1E020222382DA1B009365D9 /* ChannelReusableView.swift */; };
		D1E020252382E433009365D9 /* ArticleViewModel.swift in Sources */ = {isa = PBXBuildFile; fileRef = D1E020242382E433009365D9 /* ArticleViewModel.swift */; };
/* End PBXBuildFile section */

/* Begin PBXFileReference section */
		D1405EB2238411FE00CE3FB1 /* CoreDataManager.swift */ = {isa = PBXFileReference; lastKnownFileType = sourcecode.swift; path = CoreDataManager.swift; sourceTree = "<group>"; };
		D15418AE237C167200D87484 /* ArticlesViewController.swift */ = {isa = PBXFileReference; lastKnownFileType = sourcecode.swift; path = ArticlesViewController.swift; sourceTree = "<group>"; };
		D15418B0237C183900D87484 /* ArticlesDataController.swift */ = {isa = PBXFileReference; lastKnownFileType = sourcecode.swift; path = ArticlesDataController.swift; sourceTree = "<group>"; };
		D168271E238686870038D9E3 /* StringsManager.swift */ = {isa = PBXFileReference; lastKnownFileType = sourcecode.swift; path = StringsManager.swift; sourceTree = "<group>"; };
		D16827212386DDD60038D9E3 /* UIImageView+Downloading.swift */ = {isa = PBXFileReference; lastKnownFileType = sourcecode.swift; path = "UIImageView+Downloading.swift"; sourceTree = "<group>"; };
		D17843FF237AC9650050C56E /* NewsReader.app */ = {isa = PBXFileReference; explicitFileType = wrapper.application; includeInIndex = 0; path = NewsReader.app; sourceTree = BUILT_PRODUCTS_DIR; };
		D1784402237AC9650050C56E /* AppDelegate.swift */ = {isa = PBXFileReference; lastKnownFileType = sourcecode.swift; path = AppDelegate.swift; sourceTree = "<group>"; };
		D1784406237AC9650050C56E /* LoginViewController.swift */ = {isa = PBXFileReference; lastKnownFileType = sourcecode.swift; path = LoginViewController.swift; sourceTree = "<group>"; };
		D1784409237AC9650050C56E /* Base */ = {isa = PBXFileReference; lastKnownFileType = file.storyboard; name = Base; path = Base.lproj/Main.storyboard; sourceTree = "<group>"; };
		D178440C237AC9650050C56E /* NewsReader.xcdatamodel */ = {isa = PBXFileReference; lastKnownFileType = wrapper.xcdatamodel; path = NewsReader.xcdatamodel; sourceTree = "<group>"; };
		D178440E237AC9670050C56E /* Assets.xcassets */ = {isa = PBXFileReference; lastKnownFileType = folder.assetcatalog; path = Assets.xcassets; sourceTree = "<group>"; };
		D1784411237AC9670050C56E /* Base */ = {isa = PBXFileReference; lastKnownFileType = file.storyboard; name = Base; path = Base.lproj/LaunchScreen.storyboard; sourceTree = "<group>"; };
		D1784413237AC9670050C56E /* Info.plist */ = {isa = PBXFileReference; lastKnownFileType = text.plist.xml; path = Info.plist; sourceTree = "<group>"; };
		D1784421237ACFDD0050C56E /* UsersDataController.swift */ = {isa = PBXFileReference; lastKnownFileType = sourcecode.swift; path = UsersDataController.swift; sourceTree = "<group>"; };
		D1784424237ADFC80050C56E /* LoginViewModel.swift */ = {isa = PBXFileReference; lastKnownFileType = sourcecode.swift; path = LoginViewModel.swift; sourceTree = "<group>"; };
		D1784429237AE0800050C56E /* en */ = {isa = PBXFileReference; lastKnownFileType = text.plist.strings; name = en; path = en.lproj/Localizable.strings; sourceTree = "<group>"; };
		D178442F237AEFFE0050C56E /* ChannelsViewModel.swift */ = {isa = PBXFileReference; lastKnownFileType = sourcecode.swift; path = ChannelsViewModel.swift; sourceTree = "<group>"; };
		D1784431237AF05F0050C56E /* ChannelsViewController.swift */ = {isa = PBXFileReference; lastKnownFileType = sourcecode.swift; path = ChannelsViewController.swift; sourceTree = "<group>"; };
		D1784433237B01A10050C56E /* ChannelsDataController.swift */ = {isa = PBXFileReference; lastKnownFileType = sourcecode.swift; path = ChannelsDataController.swift; sourceTree = "<group>"; };
		D179BB3B237FE3EB00E36952 /* ErrorManager.swift */ = {isa = PBXFileReference; lastKnownFileType = sourcecode.swift; path = ErrorManager.swift; sourceTree = "<group>"; };
		D1A26BCD237C27E40071461D /* ArticlesCoordinator.swift */ = {isa = PBXFileReference; lastKnownFileType = sourcecode.swift; path = ArticlesCoordinator.swift; sourceTree = "<group>"; };
		D1A26BCF237C28410071461D /* LentaruArticlesCoordinator.swift */ = {isa = PBXFileReference; lastKnownFileType = sourcecode.swift; path = LentaruArticlesCoordinator.swift; sourceTree = "<group>"; };
		D1A26BD1237C2A820071461D /* TutbyArticlesCoordinator.swift */ = {isa = PBXFileReference; lastKnownFileType = sourcecode.swift; path = TutbyArticlesCoordinator.swift; sourceTree = "<group>"; };
		D1A26BD4237C303A0071461D /* RSSParser.swift */ = {isa = PBXFileReference; lastKnownFileType = sourcecode.swift; path = RSSParser.swift; sourceTree = "<group>"; };
		D1ABA549237D74E300D5108D /* RSSParserKeys.swift */ = {isa = PBXFileReference; lastKnownFileType = sourcecode.swift; path = RSSParserKeys.swift; sourceTree = "<group>"; };
		D1ABA54B237D836D00D5108D /* ArticlesViewModel.swift */ = {isa = PBXFileReference; lastKnownFileType = sourcecode.swift; path = ArticlesViewModel.swift; sourceTree = "<group>"; };
		D1ABA54D237D8F3100D5108D /* ArticleViewController.swift */ = {isa = PBXFileReference; lastKnownFileType = sourcecode.swift; path = ArticleViewController.swift; sourceTree = "<group>"; };
		D1ABA54F237D9B4D00D5108D /* ArticleWebViewController.swift */ = {isa = PBXFileReference; lastKnownFileType = sourcecode.swift; path = ArticleWebViewController.swift; sourceTree = "<group>"; };
		D1C84AC1237BE457007186A8 /* RootViewController.swift */ = {isa = PBXFileReference; lastKnownFileType = sourcecode.swift; path = RootViewController.swift; sourceTree = "<group>"; };
		D1E020182382CC8A009365D9 /* ArticleReusableViewModel.swift */ = {isa = PBXFileReference; lastKnownFileType = sourcecode.swift; path = ArticleReusableViewModel.swift; sourceTree = "<group>"; };
		D1E0201A2382D1E1009365D9 /* ChannelReusableViewModel.swift */ = {isa = PBXFileReference; lastKnownFileType = sourcecode.swift; path = ChannelReusableViewModel.swift; sourceTree = "<group>"; };
		D1E0201C2382D3D9009365D9 /* ChannelReusableView.xib */ = {isa = PBXFileReference; lastKnownFileType = file.xib; path = ChannelReusableView.xib; sourceTree = "<group>"; };
		D1E0201E2382D468009365D9 /* ArticleReusableView.xib */ = {isa = PBXFileReference; lastKnownFileType = file.xib; path = ArticleReusableView.xib; sourceTree = "<group>"; };
		D1E020202382D53E009365D9 /* ArticleReusableView.swift */ = {isa = PBXFileReference; lastKnownFileType = sourcecode.swift; path = ArticleReusableView.swift; sourceTree = "<group>"; };
		D1E020222382DA1B009365D9 /* ChannelReusableView.swift */ = {isa = PBXFileReference; lastKnownFileType = sourcecode.swift; path = ChannelReusableView.swift; sourceTree = "<group>"; };
		D1E020242382E433009365D9 /* ArticleViewModel.swift */ = {isa = PBXFileReference; lastKnownFileType = sourcecode.swift; path = ArticleViewModel.swift; sourceTree = "<group>"; };
/* End PBXFileReference section */

/* Begin PBXFrameworksBuildPhase section */
		D17843FC237AC9650050C56E /* Frameworks */ = {
			isa = PBXFrameworksBuildPhase;
			buildActionMask = 2147483647;
			files = (
			);
			runOnlyForDeploymentPostprocessing = 0;
		};
/* End PBXFrameworksBuildPhase section */

/* Begin PBXGroup section */
		D15418B2237C191400D87484 /* Views */ = {
			isa = PBXGroup;
			children = (
				D1E020202382D53E009365D9 /* ArticleReusableView.swift */,
				D1E0201E2382D468009365D9 /* ArticleReusableView.xib */,
				D1E020222382DA1B009365D9 /* ChannelReusableView.swift */,
				D1E0201C2382D3D9009365D9 /* ChannelReusableView.xib */,
			);
			path = Views;
			sourceTree = "<group>";
		};
		D16827202386DDB40038D9E3 /* Extensions */ = {
			isa = PBXGroup;
			children = (
				D16827212386DDD60038D9E3 /* UIImageView+Downloading.swift */,
			);
			path = Extensions;
			sourceTree = "<group>";
		};
		D17843F6237AC9650050C56E = {
			isa = PBXGroup;
			children = (
				D1784401237AC9650050C56E /* NewsReader */,
				D1784400237AC9650050C56E /* Products */,
			);
			sourceTree = "<group>";
		};
		D1784400237AC9650050C56E /* Products */ = {
			isa = PBXGroup;
			children = (
				D17843FF237AC9650050C56E /* NewsReader.app */,
			);
			name = Products;
			sourceTree = "<group>";
		};
		D1784401237AC9650050C56E /* NewsReader */ = {
			isa = PBXGroup;
			children = (
				D1784402237AC9650050C56E /* AppDelegate.swift */,
				D1A26BCC237C27BA0071461D /* Coordinators */,
				D1784420237ACFAB0050C56E /* DataControllers */,
				D16827202386DDB40038D9E3 /* Extensions */,
				D178441F237ACD3C0050C56E /* Miscellaneous */,
				D178441C237ACD080050C56E /* Models */,
				D178441E237ACD2D0050C56E /* Resources */,
				D178441B237ACCBE0050C56E /* Storyboards */,
				D1A26BD3237C30260071461D /* Tools */,
				D1784423237ADFAC0050C56E /* ViewModels */,
				D178441A237ACCA70050C56E /* ViewControllers */,
				D15418B2237C191400D87484 /* Views */,
			);
			path = NewsReader;
			sourceTree = "<group>";
		};
		D178441A237ACCA70050C56E /* ViewControllers */ = {
			isa = PBXGroup;
			children = (
				D1ABA54D237D8F3100D5108D /* ArticleViewController.swift */,
				D15418AE237C167200D87484 /* ArticlesViewController.swift */,
				D1ABA54F237D9B4D00D5108D /* ArticleWebViewController.swift */,
				D1784431237AF05F0050C56E /* ChannelsViewController.swift */,
				D1784406237AC9650050C56E /* LoginViewController.swift */,
				D1C84AC1237BE457007186A8 /* RootViewController.swift */,
			);
			path = ViewControllers;
			sourceTree = "<group>";
		};
		D178441B237ACCBE0050C56E /* Storyboards */ = {
			isa = PBXGroup;
			children = (
				D1784410237AC9670050C56E /* LaunchScreen.storyboard */,
				D1784408237AC9650050C56E /* Main.storyboard */,
			);
			path = Storyboards;
			sourceTree = "<group>";
		};
		D178441C237ACD080050C56E /* Models */ = {
			isa = PBXGroup;
			children = (
				D178441D237ACD130050C56E /* Managed */,
			);
			path = Models;
			sourceTree = "<group>";
		};
		D178441D237ACD130050C56E /* Managed */ = {
			isa = PBXGroup;
			children = (
				D178440B237AC9650050C56E /* NewsReader.xcdatamodeld */,
			);
			path = Managed;
			sourceTree = "<group>";
		};
		D178441E237ACD2D0050C56E /* Resources */ = {
			isa = PBXGroup;
			children = (
				D178440E237AC9670050C56E /* Assets.xcassets */,
				D178442A237AE0800050C56E /* Localizable.strings */,
			);
			path = Resources;
			sourceTree = "<group>";
		};
		D178441F237ACD3C0050C56E /* Miscellaneous */ = {
			isa = PBXGroup;
			children = (
				D1784413237AC9670050C56E /* Info.plist */,
			);
			path = Miscellaneous;
			sourceTree = "<group>";
		};
		D1784420237ACFAB0050C56E /* DataControllers */ = {
			isa = PBXGroup;
			children = (
				D15418B0237C183900D87484 /* ArticlesDataController.swift */,
				D1784433237B01A10050C56E /* ChannelsDataController.swift */,
				D1784421237ACFDD0050C56E /* UsersDataController.swift */,
			);
			path = DataControllers;
			sourceTree = "<group>";
		};
		D1784423237ADFAC0050C56E /* ViewModels */ = {
			isa = PBXGroup;
			children = (
				D1E020182382CC8A009365D9 /* ArticleReusableViewModel.swift */,
				D1E020242382E433009365D9 /* ArticleViewModel.swift */,
				D1ABA54B237D836D00D5108D /* ArticlesViewModel.swift */,
				D1E0201A2382D1E1009365D9 /* ChannelReusableViewModel.swift */,
				D178442F237AEFFE0050C56E /* ChannelsViewModel.swift */,
				D1784424237ADFC80050C56E /* LoginViewModel.swift */,
			);
			path = ViewModels;
			sourceTree = "<group>";
		};
		D1A26BCC237C27BA0071461D /* Coordinators */ = {
			isa = PBXGroup;
			children = (
				D1A26BCD237C27E40071461D /* ArticlesCoordinator.swift */,
				D1A26BCF237C28410071461D /* LentaruArticlesCoordinator.swift */,
				D1A26BD1237C2A820071461D /* TutbyArticlesCoordinator.swift */,
			);
			path = Coordinators;
			sourceTree = "<group>";
		};
		D1A26BD3237C30260071461D /* Tools */ = {
			isa = PBXGroup;
			children = (
				D1405EB2238411FE00CE3FB1 /* CoreDataManager.swift */,
				D179BB3B237FE3EB00E36952 /* ErrorManager.swift */,
				D1A26BD4237C303A0071461D /* RSSParser.swift */,
				D1ABA549237D74E300D5108D /* RSSParserKeys.swift */,
				D168271E238686870038D9E3 /* StringsManager.swift */,
			);
			path = Tools;
			sourceTree = "<group>";
		};
/* End PBXGroup section */

/* Begin PBXNativeTarget section */
		D17843FE237AC9650050C56E /* NewsReader */ = {
			isa = PBXNativeTarget;
			buildConfigurationList = D1784416237AC9670050C56E /* Build configuration list for PBXNativeTarget "NewsReader" */;
			buildPhases = (
				D17843FB237AC9650050C56E /* Sources */,
				D17843FC237AC9650050C56E /* Frameworks */,
				D17843FD237AC9650050C56E /* Resources */,
			);
			buildRules = (
			);
			dependencies = (
			);
			name = NewsReader;
			productName = NewsReader;
			productReference = D17843FF237AC9650050C56E /* NewsReader.app */;
			productType = "com.apple.product-type.application";
		};
/* End PBXNativeTarget section */

/* Begin PBXProject section */
		D17843F7237AC9650050C56E /* Project object */ = {
			isa = PBXProject;
			attributes = {
				LastSwiftUpdateCheck = 1100;
				LastUpgradeCheck = 1100;
				ORGANIZATIONNAME = "Yury Beryla";
				TargetAttributes = {
					D17843FE237AC9650050C56E = {
						CreatedOnToolsVersion = 11.0;
					};
				};
			};
			buildConfigurationList = D17843FA237AC9650050C56E /* Build configuration list for PBXProject "NewsReader" */;
			compatibilityVersion = "Xcode 9.3";
			developmentRegion = en;
			hasScannedForEncodings = 0;
			knownRegions = (
				en,
				Base,
			);
			mainGroup = D17843F6237AC9650050C56E;
			productRefGroup = D1784400237AC9650050C56E /* Products */;
			projectDirPath = "";
			projectRoot = "";
			targets = (
				D17843FE237AC9650050C56E /* NewsReader */,
			);
		};
/* End PBXProject section */

/* Begin PBXResourcesBuildPhase section */
		D17843FD237AC9650050C56E /* Resources */ = {
			isa = PBXResourcesBuildPhase;
			buildActionMask = 2147483647;
			files = (
				D1784412237AC9670050C56E /* LaunchScreen.storyboard in Resources */,
				D1784428237AE0800050C56E /* Localizable.strings in Resources */,
				D178440F237AC9670050C56E /* Assets.xcassets in Resources */,
				D178440A237AC9650050C56E /* Main.storyboard in Resources */,
				D1E0201F2382D468009365D9 /* ArticleReusableView.xib in Resources */,
				D1E0201D2382D3D9009365D9 /* ChannelReusableView.xib in Resources */,
			);
			runOnlyForDeploymentPostprocessing = 0;
		};
/* End PBXResourcesBuildPhase section */

/* Begin PBXSourcesBuildPhase section */
		D17843FB237AC9650050C56E /* Sources */ = {
			isa = PBXSourcesBuildPhase;
			buildActionMask = 2147483647;
			files = (
				D1C84AC2237BE457007186A8 /* RootViewController.swift in Sources */,
				D1ABA54C237D836D00D5108D /* ArticlesViewModel.swift in Sources */,
				D1784434237B01A10050C56E /* ChannelsDataController.swift in Sources */,
				D1E020252382E433009365D9 /* ArticleViewModel.swift in Sources */,
				D1E020212382D53E009365D9 /* ArticleReusableView.swift in Sources */,
				D1784407237AC9650050C56E /* LoginViewController.swift in Sources */,
				D1E020192382CC8A009365D9 /* ArticleReusableViewModel.swift in Sources */,
				D179BB3C237FE3EB00E36952 /* ErrorManager.swift in Sources */,
				D1784403237AC9650050C56E /* AppDelegate.swift in Sources */,
				D1A26BD0237C28410071461D /* LentaruArticlesCoordinator.swift in Sources */,
				D1784432237AF05F0050C56E /* ChannelsViewController.swift in Sources */,
				D1784430237AEFFE0050C56E /* ChannelsViewModel.swift in Sources */,
				D1A26BCE237C27E40071461D /* ArticlesCoordinator.swift in Sources */,
				D1784425237ADFC80050C56E /* LoginViewModel.swift in Sources */,
				D168271F238686870038D9E3 /* StringsManager.swift in Sources */,
				D1784422237ACFDD0050C56E /* UsersDataController.swift in Sources */,
				D178440D237AC9650050C56E /* NewsReader.xcdatamodeld in Sources */,
				D15418AF237C167200D87484 /* ArticlesViewController.swift in Sources */,
				D1E0201B2382D1E1009365D9 /* ChannelReusableViewModel.swift in Sources */,
				D1ABA54E237D8F3100D5108D /* ArticleViewController.swift in Sources */,
				D1ABA54A237D74E300D5108D /* RSSParserKeys.swift in Sources */,
				D1405EB3238411FE00CE3FB1 /* CoreDataManager.swift in Sources */,
				D1E020232382DA1B009365D9 /* ChannelReusableView.swift in Sources */,
				D1A26BD2237C2A820071461D /* TutbyArticlesCoordinator.swift in Sources */,
				D15418B1237C183900D87484 /* ArticlesDataController.swift in Sources */,
				D1ABA550237D9B4D00D5108D /* ArticleWebViewController.swift in Sources */,
				D16827222386DDD60038D9E3 /* UIImageView+Downloading.swift in Sources */,
				D1A26BD5237C303A0071461D /* RSSParser.swift in Sources */,
			);
			runOnlyForDeploymentPostprocessing = 0;
		};
/* End PBXSourcesBuildPhase section */

/* Begin PBXVariantGroup section */
		D1784408237AC9650050C56E /* Main.storyboard */ = {
			isa = PBXVariantGroup;
			children = (
				D1784409237AC9650050C56E /* Base */,
			);
			name = Main.storyboard;
			sourceTree = "<group>";
		};
		D1784410237AC9670050C56E /* LaunchScreen.storyboard */ = {
			isa = PBXVariantGroup;
			children = (
				D1784411237AC9670050C56E /* Base */,
			);
			name = LaunchScreen.storyboard;
			sourceTree = "<group>";
		};
		D178442A237AE0800050C56E /* Localizable.strings */ = {
			isa = PBXVariantGroup;
			children = (
				D1784429237AE0800050C56E /* en */,
			);
			name = Localizable.strings;
			sourceTree = "<group>";
		};
/* End PBXVariantGroup section */

/* Begin XCBuildConfiguration section */
		D1784414237AC9670050C56E /* Debug */ = {
			isa = XCBuildConfiguration;
			buildSettings = {
				ALWAYS_SEARCH_USER_PATHS = NO;
				CLANG_ANALYZER_NONNULL = YES;
				CLANG_ANALYZER_NUMBER_OBJECT_CONVERSION = YES_AGGRESSIVE;
				CLANG_CXX_LANGUAGE_STANDARD = "gnu++14";
				CLANG_CXX_LIBRARY = "libc++";
				CLANG_ENABLE_MODULES = YES;
				CLANG_ENABLE_OBJC_ARC = YES;
				CLANG_ENABLE_OBJC_WEAK = YES;
				CLANG_WARN_BLOCK_CAPTURE_AUTORELEASING = YES;
				CLANG_WARN_BOOL_CONVERSION = YES;
				CLANG_WARN_COMMA = YES;
				CLANG_WARN_CONSTANT_CONVERSION = YES;
				CLANG_WARN_DEPRECATED_OBJC_IMPLEMENTATIONS = YES;
				CLANG_WARN_DIRECT_OBJC_ISA_USAGE = YES_ERROR;
				CLANG_WARN_DOCUMENTATION_COMMENTS = YES;
				CLANG_WARN_EMPTY_BODY = YES;
				CLANG_WARN_ENUM_CONVERSION = YES;
				CLANG_WARN_INFINITE_RECURSION = YES;
				CLANG_WARN_INT_CONVERSION = YES;
				CLANG_WARN_NON_LITERAL_NULL_CONVERSION = YES;
				CLANG_WARN_OBJC_IMPLICIT_RETAIN_SELF = YES;
				CLANG_WARN_OBJC_LITERAL_CONVERSION = YES;
				CLANG_WARN_OBJC_ROOT_CLASS = YES_ERROR;
				CLANG_WARN_RANGE_LOOP_ANALYSIS = YES;
				CLANG_WARN_STRICT_PROTOTYPES = YES;
				CLANG_WARN_SUSPICIOUS_MOVE = YES;
				CLANG_WARN_UNGUARDED_AVAILABILITY = YES_AGGRESSIVE;
				CLANG_WARN_UNREACHABLE_CODE = YES;
				CLANG_WARN__DUPLICATE_METHOD_MATCH = YES;
				COPY_PHASE_STRIP = NO;
				DEBUG_INFORMATION_FORMAT = dwarf;
				ENABLE_STRICT_OBJC_MSGSEND = YES;
				ENABLE_TESTABILITY = YES;
				GCC_C_LANGUAGE_STANDARD = gnu11;
				GCC_DYNAMIC_NO_PIC = NO;
				GCC_NO_COMMON_BLOCKS = YES;
				GCC_OPTIMIZATION_LEVEL = 0;
				GCC_PREPROCESSOR_DEFINITIONS = (
					"DEBUG=1",
					"$(inherited)",
				);
				GCC_WARN_64_TO_32_BIT_CONVERSION = YES;
				GCC_WARN_ABOUT_RETURN_TYPE = YES_ERROR;
				GCC_WARN_UNDECLARED_SELECTOR = YES;
				GCC_WARN_UNINITIALIZED_AUTOS = YES_AGGRESSIVE;
				GCC_WARN_UNUSED_FUNCTION = YES;
				GCC_WARN_UNUSED_VARIABLE = YES;
				IPHONEOS_DEPLOYMENT_TARGET = 13.0;
				MTL_ENABLE_DEBUG_INFO = INCLUDE_SOURCE;
				MTL_FAST_MATH = YES;
				ONLY_ACTIVE_ARCH = YES;
				SDKROOT = iphoneos;
				SWIFT_ACTIVE_COMPILATION_CONDITIONS = DEBUG;
				SWIFT_OPTIMIZATION_LEVEL = "-Onone";
			};
			name = Debug;
		};
		D1784415237AC9670050C56E /* Release */ = {
			isa = XCBuildConfiguration;
			buildSettings = {
				ALWAYS_SEARCH_USER_PATHS = NO;
				CLANG_ANALYZER_NONNULL = YES;
				CLANG_ANALYZER_NUMBER_OBJECT_CONVERSION = YES_AGGRESSIVE;
				CLANG_CXX_LANGUAGE_STANDARD = "gnu++14";
				CLANG_CXX_LIBRARY = "libc++";
				CLANG_ENABLE_MODULES = YES;
				CLANG_ENABLE_OBJC_ARC = YES;
				CLANG_ENABLE_OBJC_WEAK = YES;
				CLANG_WARN_BLOCK_CAPTURE_AUTORELEASING = YES;
				CLANG_WARN_BOOL_CONVERSION = YES;
				CLANG_WARN_COMMA = YES;
				CLANG_WARN_CONSTANT_CONVERSION = YES;
				CLANG_WARN_DEPRECATED_OBJC_IMPLEMENTATIONS = YES;
				CLANG_WARN_DIRECT_OBJC_ISA_USAGE = YES_ERROR;
				CLANG_WARN_DOCUMENTATION_COMMENTS = YES;
				CLANG_WARN_EMPTY_BODY = YES;
				CLANG_WARN_ENUM_CONVERSION = YES;
				CLANG_WARN_INFINITE_RECURSION = YES;
				CLANG_WARN_INT_CONVERSION = YES;
				CLANG_WARN_NON_LITERAL_NULL_CONVERSION = YES;
				CLANG_WARN_OBJC_IMPLICIT_RETAIN_SELF = YES;
				CLANG_WARN_OBJC_LITERAL_CONVERSION = YES;
				CLANG_WARN_OBJC_ROOT_CLASS = YES_ERROR;
				CLANG_WARN_RANGE_LOOP_ANALYSIS = YES;
				CLANG_WARN_STRICT_PROTOTYPES = YES;
				CLANG_WARN_SUSPICIOUS_MOVE = YES;
				CLANG_WARN_UNGUARDED_AVAILABILITY = YES_AGGRESSIVE;
				CLANG_WARN_UNREACHABLE_CODE = YES;
				CLANG_WARN__DUPLICATE_METHOD_MATCH = YES;
				COPY_PHASE_STRIP = NO;
				DEBUG_INFORMATION_FORMAT = "dwarf-with-dsym";
				ENABLE_NS_ASSERTIONS = NO;
				ENABLE_STRICT_OBJC_MSGSEND = YES;
				GCC_C_LANGUAGE_STANDARD = gnu11;
				GCC_NO_COMMON_BLOCKS = YES;
				GCC_WARN_64_TO_32_BIT_CONVERSION = YES;
				GCC_WARN_ABOUT_RETURN_TYPE = YES_ERROR;
				GCC_WARN_UNDECLARED_SELECTOR = YES;
				GCC_WARN_UNINITIALIZED_AUTOS = YES_AGGRESSIVE;
				GCC_WARN_UNUSED_FUNCTION = YES;
				GCC_WARN_UNUSED_VARIABLE = YES;
				IPHONEOS_DEPLOYMENT_TARGET = 13.0;
				MTL_ENABLE_DEBUG_INFO = NO;
				MTL_FAST_MATH = YES;
				SDKROOT = iphoneos;
				SWIFT_COMPILATION_MODE = wholemodule;
				SWIFT_OPTIMIZATION_LEVEL = "-O";
				VALIDATE_PRODUCT = YES;
			};
			name = Release;
		};
		D1784417237AC9670050C56E /* Debug */ = {
			isa = XCBuildConfiguration;
			buildSettings = {
				ASSETCATALOG_COMPILER_APPICON_NAME = AppIcon;
				CODE_SIGN_STYLE = Automatic;
				INFOPLIST_FILE = NewsReader/Miscellaneous/Info.plist;
				LD_RUNPATH_SEARCH_PATHS = (
					"$(inherited)",
					"@executable_path/Frameworks",
				);
				PRODUCT_BUNDLE_IDENTIFIER = com.berillo.yuri.NewsReader;
				PRODUCT_NAME = "$(TARGET_NAME)";
				SWIFT_VERSION = 5.0;
				TARGETED_DEVICE_FAMILY = "1,2";
			};
			name = Debug;
		};
		D1784418237AC9670050C56E /* Release */ = {
			isa = XCBuildConfiguration;
			buildSettings = {
				ASSETCATALOG_COMPILER_APPICON_NAME = AppIcon;
				CODE_SIGN_STYLE = Automatic;
				INFOPLIST_FILE = NewsReader/Miscellaneous/Info.plist;
				LD_RUNPATH_SEARCH_PATHS = (
					"$(inherited)",
					"@executable_path/Frameworks",
				);
				PRODUCT_BUNDLE_IDENTIFIER = com.berillo.yuri.NewsReader;
				PRODUCT_NAME = "$(TARGET_NAME)";
				SWIFT_VERSION = 5.0;
				TARGETED_DEVICE_FAMILY = "1,2";
			};
			name = Release;
		};
/* End XCBuildConfiguration section */

/* Begin XCConfigurationList section */
		D17843FA237AC9650050C56E /* Build configuration list for PBXProject "NewsReader" */ = {
			isa = XCConfigurationList;
			buildConfigurations = (
				D1784414237AC9670050C56E /* Debug */,
				D1784415237AC9670050C56E /* Release */,
			);
			defaultConfigurationIsVisible = 0;
			defaultConfigurationName = Release;
		};
		D1784416237AC9670050C56E /* Build configuration list for PBXNativeTarget "NewsReader" */ = {
			isa = XCConfigurationList;
			buildConfigurations = (
				D1784417237AC9670050C56E /* Debug */,
				D1784418237AC9670050C56E /* Release */,
			);
			defaultConfigurationIsVisible = 0;
			defaultConfigurationName = Release;
		};
/* End XCConfigurationList section */

/* Begin XCVersionGroup section */
		D178440B237AC9650050C56E /* NewsReader.xcdatamodeld */ = {
			isa = XCVersionGroup;
			children = (
				D178440C237AC9650050C56E /* NewsReader.xcdatamodel */,
			);
			currentVersion = D178440C237AC9650050C56E /* NewsReader.xcdatamodel */;
			path = NewsReader.xcdatamodeld;
			sourceTree = "<group>";
			versionGroupType = wrapper.xcdatamodel;
		};
/* End XCVersionGroup section */
	};
	rootObject = D17843F7237AC9650050C56E /* Project object */;
}
